
Microsoft Visual Studio Solution File, Format Version 12.00
# Visual Studio Version 17
VisualStudioVersion = 17.11.35327.3
MinimumVisualStudioVersion = 10.0.40219.1
Project("{FAE04EC0-301F-11D3-BF4B-00C04F79EFBC}") = "LojinhaManuel", "LojinhaManuel\LojinhaManuel.csproj", "{A67140D0-32F5-469A-BF80-521A72164914}"
EndProject
Project("{FAE04EC0-301F-11D3-BF4B-00C04F79EFBC}") = "Domain", "Domain\Domain.csproj", "{682E1D06-5D07-4733-8BC8-30A584867320}"
EndProject
Project("{2150E333-8FDC-42A3-9474-1A3956D46DE8}") = "Core", "Core", "{A8993E2D-9E77-45AC-A807-CC161CCC2A71}"
EndProject
Project("{2150E333-8FDC-42A3-9474-1A3956D46DE8}") = "Presentation", "Presentation", "{51BDE6FD-FC3B-484F-866F-1ABF56E6FBBD}"
EndProject
Project("{2150E333-8FDC-42A3-9474-1A3956D46DE8}") = "Test", "Test", "{00C9F67B-FA30-4F84-ABF0-DA92A79CAAC1}"
EndProject
Project("{2150E333-8FDC-42A3-9474-1A3956D46DE8}") = "Infra", "Infra", "{8783F527-D632-410D-9FB8-5C6F6EB84403}"
EndProject
Project("{FAE04EC0-301F-11D3-BF4B-00C04F79EFBC}") = "InMemoryDatabase", "InMemoryDatabase\InMemoryDatabase.csproj", "{0224868D-B8B1-41FE-806F-6700E7FDC31F}"
EndProject
Project("{FAE04EC0-301F-11D3-BF4B-00C04F79EFBC}") = "UnitTests", "UnitTests\UnitTests.csproj", "{2176D05E-F061-48EB-9771-12358F8A08C2}"
EndProject
Project("{FAE04EC0-301F-11D3-BF4B-00C04F79EFBC}") = "Application", "Application\Application.csproj", "{ABBB3BEA-8165-49AD-BF67-9BB416CAFA65}"
EndProject
Global
	GlobalSection(SolutionConfigurationPlatforms) = preSolution
		Debug|Any CPU = Debug|Any CPU
		Release|Any CPU = Release|Any CPU
	EndGlobalSection
	GlobalSection(ProjectConfigurationPlatforms) = postSolution
		{A67140D0-32F5-469A-BF80-521A72164914}.Debug|Any CPU.ActiveCfg = Debug|Any CPU
		{A67140D0-32F5-469A-BF80-521A72164914}.Debug|Any CPU.Build.0 = Debug|Any CPU
		{A67140D0-32F5-469A-BF80-521A72164914}.Release|Any CPU.ActiveCfg = Release|Any CPU
		{A67140D0-32F5-469A-BF80-521A72164914}.Release|Any CPU.Build.0 = Release|Any CPU
		{682E1D06-5D07-4733-8BC8-30A584867320}.Debug|Any CPU.ActiveCfg = Debug|Any CPU
		{682E1D06-5D07-4733-8BC8-30A584867320}.Debug|Any CPU.Build.0 = Debug|Any CPU
		{682E1D06-5D07-4733-8BC8-30A584867320}.Release|Any CPU.ActiveCfg = Release|Any CPU
		{682E1D06-5D07-4733-8BC8-30A584867320}.Release|Any CPU.Build.0 = Release|Any CPU
		{0224868D-B8B1-41FE-806F-6700E7FDC31F}.Debug|Any CPU.ActiveCfg = Debug|Any CPU
		{0224868D-B8B1-41FE-806F-6700E7FDC31F}.Debug|Any CPU.Build.0 = Debug|Any CPU
		{0224868D-B8B1-41FE-806F-6700E7FDC31F}.Release|Any CPU.ActiveCfg = Release|Any CPU
		{0224868D-B8B1-41FE-806F-6700E7FDC31F}.Release|Any CPU.Build.0 = Release|Any CPU
		{2176D05E-F061-48EB-9771-12358F8A08C2}.Debug|Any CPU.ActiveCfg = Debug|Any CPU
		{2176D05E-F061-48EB-9771-12358F8A08C2}.Debug|Any CPU.Build.0 = Debug|Any CPU
		{2176D05E-F061-48EB-9771-12358F8A08C2}.Release|Any CPU.ActiveCfg = Release|Any CPU
		{2176D05E-F061-48EB-9771-12358F8A08C2}.Release|Any CPU.Build.0 = Release|Any CPU
		{ABBB3BEA-8165-49AD-BF67-9BB416CAFA65}.Debug|Any CPU.ActiveCfg = Debug|Any CPU
		{ABBB3BEA-8165-49AD-BF67-9BB416CAFA65}.Debug|Any CPU.Build.0 = Debug|Any CPU
		{ABBB3BEA-8165-49AD-BF67-9BB416CAFA65}.Release|Any CPU.ActiveCfg = Release|Any CPU
		{ABBB3BEA-8165-49AD-BF67-9BB416CAFA65}.Release|Any CPU.Build.0 = Release|Any CPU
	EndGlobalSection
	GlobalSection(SolutionProperties) = preSolution
		HideSolutionNode = FALSE
	EndGlobalSection
	GlobalSection(NestedProjects) = preSolution
		{A67140D0-32F5-469A-BF80-521A72164914} = {51BDE6FD-FC3B-484F-866F-1ABF56E6FBBD}
		{682E1D06-5D07-4733-8BC8-30A584867320} = {A8993E2D-9E77-45AC-A807-CC161CCC2A71}
		{0224868D-B8B1-41FE-806F-6700E7FDC31F} = {8783F527-D632-410D-9FB8-5C6F6EB84403}
		{2176D05E-F061-48EB-9771-12358F8A08C2} = {00C9F67B-FA30-4F84-ABF0-DA92A79CAAC1}
		{ABBB3BEA-8165-49AD-BF67-9BB416CAFA65} = {A8993E2D-9E77-45AC-A807-CC161CCC2A71}
	EndGlobalSection
	GlobalSection(ExtensibilityGlobals) = postSolution
		SolutionGuid = {92AAD1F6-59D3-4F72-8EE4-706213738EF6}
	EndGlobalSection
EndGlobal
