
Microsoft Visual Studio Solution File, Format Version 12.00
# Visual Studio Version 17
VisualStudioVersion = 17.11.35327.3
MinimumVisualStudioVersion = 10.0.40219.1
Project("{FAE04EC0-301F-11D3-BF4B-00C04F79EFBC}") = "LojinhaManuel", "LojinhaManuel\LojinhaManuel.csproj", "{A67140D0-32F5-469A-BF80-521A72164914}"
EndProject
Global
	GlobalSection(SolutionConfigurationPlatforms) = preSolution
		Debug|Any CPU = Debug|Any CPU
		Release|Any CPU = Release|Any CPU
	EndGlobalSection
	GlobalSection(ProjectConfigurationPlatforms) = postSolution
		{A67140D0-32F5-469A-BF80-521A72164914}.Debug|Any CPU.ActiveCfg = Debug|Any CPU
		{A67140D0-32F5-469A-BF80-521A72164914}.Debug|Any CPU.Build.0 = Debug|Any CPU
		{A67140D0-32F5-469A-BF80-521A72164914}.Release|Any CPU.ActiveCfg = Release|Any CPU
		{A67140D0-32F5-469A-BF80-521A72164914}.Release|Any CPU.Build.0 = Release|Any CPU
	EndGlobalSection
	GlobalSection(SolutionProperties) = preSolution
		HideSolutionNode = FALSE
	EndGlobalSection
	GlobalSection(ExtensibilityGlobals) = postSolution
		SolutionGuid = {92AAD1F6-59D3-4F72-8EE4-706213738EF6}
	EndGlobalSection
EndGlobal
